
Microsoft Visual Studio Solution File, Format Version 12.00
# Visual Studio 14
VisualStudioVersion = 14.0.25123.0
MinimumVisualStudioVersion = 10.0.40219.1
Project("{FAE04EC0-301F-11D3-BF4B-00C04F79EFBC}") = "ffmpegEncoding", "ffmpegEncoding\ffmpegEncoding.csproj", "{8537922F-340D-4250-B3B3-352C01C1408B}"
EndProject
Project("{FAE04EC0-301F-11D3-BF4B-00C04F79EFBC}") = "Transcoder", "Transcoder\Transcoder.csproj", "{B2B5FFD6-6837-475D-8E4D-4D17DA3737C9}"
EndProject
Global
	GlobalSection(SolutionConfigurationPlatforms) = preSolution
		Debug|Any CPU = Debug|Any CPU
		Release|Any CPU = Release|Any CPU
	EndGlobalSection
	GlobalSection(ProjectConfigurationPlatforms) = postSolution
		{8537922F-340D-4250-B3B3-352C01C1408B}.Debug|Any CPU.ActiveCfg = Debug|Any CPU
		{8537922F-340D-4250-B3B3-352C01C1408B}.Debug|Any CPU.Build.0 = Debug|Any CPU
		{8537922F-340D-4250-B3B3-352C01C1408B}.Release|Any CPU.ActiveCfg = Release|Any CPU
		{8537922F-340D-4250-B3B3-352C01C1408B}.Release|Any CPU.Build.0 = Release|Any CPU
		{B2B5FFD6-6837-475D-8E4D-4D17DA3737C9}.Debug|Any CPU.ActiveCfg = Debug|Any CPU
		{B2B5FFD6-6837-475D-8E4D-4D17DA3737C9}.Debug|Any CPU.Build.0 = Debug|Any CPU
		{B2B5FFD6-6837-475D-8E4D-4D17DA3737C9}.Release|Any CPU.ActiveCfg = Release|Any CPU
		{B2B5FFD6-6837-475D-8E4D-4D17DA3737C9}.Release|Any CPU.Build.0 = Release|Any CPU
	EndGlobalSection
	GlobalSection(SolutionProperties) = preSolution
		HideSolutionNode = FALSE
	EndGlobalSection
EndGlobal
